
Microsoft Visual Studio Solution File, Format Version 12.00
Project("{FAE04EC0-301F-11D3-BF4B-00C04F79EFBC}") = "Movies.Application", "Movies.Application\Movies.Application.csproj", "{7BA30D41-A4BF-4999-938C-14E4FDFA8446}"
EndProject
Project("{FAE04EC0-301F-11D3-BF4B-00C04F79EFBC}") = "Movies.Api", "Movies.Api\Movies.Api.csproj", "{389CEF30-BED4-49FF-BA2C-36F63F2FE465}"
EndProject
Project("{FAE04EC0-301F-11D3-BF4B-00C04F79EFBC}") = "Movies.Contracts", "Movies.Contracts\Movies.Contracts.csproj", "{1BF6901F-15A4-496C-B14D-34CD7B2D7C5C}"
EndProject
Project("{2150E333-8FDC-42A3-9474-1A3956D46DE8}") = "Auth", "Auth", "{4187DC1C-0D9A-4ECD-A7D5-F66DAFBC7657}"
EndProject
Project("{2150E333-8FDC-42A3-9474-1A3956D46DE8}") = "Helpers", "Helpers", "{AEC00B81-B39B-4F44-9F0B-0621FE0A2F35}"
EndProject
Project("{FAE04EC0-301F-11D3-BF4B-00C04F79EFBC}") = "Identity.Api", "Identity.Api\Identity.Api.csproj", "{3FC2B739-6C48-4FFD-B0CF-4D61C4B0F18F}"
EndProject
Project("{FAE04EC0-301F-11D3-BF4B-00C04F79EFBC}") = "Movies.Api.Sdk", "Movies.Api.Sdk\Movies.Api.Sdk.csproj", "{7D268A40-E5D8-44FA-B254-388020B0F290}"
EndProject
Project("{FAE04EC0-301F-11D3-BF4B-00C04F79EFBC}") = "Movies.Api.Sdk.Consumer", "Movies.Api.Sdk.Consumer\Movies.Api.Sdk.Consumer.csproj", "{A75B8D82-3FCF-4AB4-AF9C-CAA9382E7C30}"
EndProject
Project("{FAE04EC0-301F-11D3-BF4B-00C04F79EFBC}") = "SuperHeroApi", "SuperHeroApi\SuperHeroApi.csproj", "{2EB38813-6F9C-437D-8F99-827162FBE3D0}"
EndProject
Global
	GlobalSection(SolutionConfigurationPlatforms) = preSolution
		Debug|Any CPU = Debug|Any CPU
		Release|Any CPU = Release|Any CPU
	EndGlobalSection
	GlobalSection(ProjectConfigurationPlatforms) = postSolution
		{7BA30D41-A4BF-4999-938C-14E4FDFA8446}.Debug|Any CPU.ActiveCfg = Debug|Any CPU
		{7BA30D41-A4BF-4999-938C-14E4FDFA8446}.Debug|Any CPU.Build.0 = Debug|Any CPU
		{7BA30D41-A4BF-4999-938C-14E4FDFA8446}.Release|Any CPU.ActiveCfg = Release|Any CPU
		{7BA30D41-A4BF-4999-938C-14E4FDFA8446}.Release|Any CPU.Build.0 = Release|Any CPU
		{389CEF30-BED4-49FF-BA2C-36F63F2FE465}.Debug|Any CPU.ActiveCfg = Debug|Any CPU
		{389CEF30-BED4-49FF-BA2C-36F63F2FE465}.Debug|Any CPU.Build.0 = Debug|Any CPU
		{389CEF30-BED4-49FF-BA2C-36F63F2FE465}.Release|Any CPU.ActiveCfg = Release|Any CPU
		{389CEF30-BED4-49FF-BA2C-36F63F2FE465}.Release|Any CPU.Build.0 = Release|Any CPU
		{1BF6901F-15A4-496C-B14D-34CD7B2D7C5C}.Debug|Any CPU.ActiveCfg = Debug|Any CPU
		{1BF6901F-15A4-496C-B14D-34CD7B2D7C5C}.Debug|Any CPU.Build.0 = Debug|Any CPU
		{1BF6901F-15A4-496C-B14D-34CD7B2D7C5C}.Release|Any CPU.ActiveCfg = Release|Any CPU
		{1BF6901F-15A4-496C-B14D-34CD7B2D7C5C}.Release|Any CPU.Build.0 = Release|Any CPU
		{3FC2B739-6C48-4FFD-B0CF-4D61C4B0F18F}.Debug|Any CPU.ActiveCfg = Debug|Any CPU
		{3FC2B739-6C48-4FFD-B0CF-4D61C4B0F18F}.Debug|Any CPU.Build.0 = Debug|Any CPU
		{3FC2B739-6C48-4FFD-B0CF-4D61C4B0F18F}.Release|Any CPU.ActiveCfg = Release|Any CPU
		{3FC2B739-6C48-4FFD-B0CF-4D61C4B0F18F}.Release|Any CPU.Build.0 = Release|Any CPU
		{7D268A40-E5D8-44FA-B254-388020B0F290}.Debug|Any CPU.ActiveCfg = Debug|Any CPU
		{7D268A40-E5D8-44FA-B254-388020B0F290}.Debug|Any CPU.Build.0 = Debug|Any CPU
		{7D268A40-E5D8-44FA-B254-388020B0F290}.Release|Any CPU.ActiveCfg = Release|Any CPU
		{7D268A40-E5D8-44FA-B254-388020B0F290}.Release|Any CPU.Build.0 = Release|Any CPU
		{A75B8D82-3FCF-4AB4-AF9C-CAA9382E7C30}.Debug|Any CPU.ActiveCfg = Debug|Any CPU
		{A75B8D82-3FCF-4AB4-AF9C-CAA9382E7C30}.Debug|Any CPU.Build.0 = Debug|Any CPU
		{A75B8D82-3FCF-4AB4-AF9C-CAA9382E7C30}.Release|Any CPU.ActiveCfg = Release|Any CPU
		{A75B8D82-3FCF-4AB4-AF9C-CAA9382E7C30}.Release|Any CPU.Build.0 = Release|Any CPU
		{2EB38813-6F9C-437D-8F99-827162FBE3D0}.Debug|Any CPU.ActiveCfg = Debug|Any CPU
		{2EB38813-6F9C-437D-8F99-827162FBE3D0}.Debug|Any CPU.Build.0 = Debug|Any CPU
		{2EB38813-6F9C-437D-8F99-827162FBE3D0}.Release|Any CPU.ActiveCfg = Release|Any CPU
		{2EB38813-6F9C-437D-8F99-827162FBE3D0}.Release|Any CPU.Build.0 = Release|Any CPU
	EndGlobalSection
	GlobalSection(NestedProjects) = preSolution
		{389CEF30-BED4-49FF-BA2C-36F63F2FE465} = {4187DC1C-0D9A-4ECD-A7D5-F66DAFBC7657}
		{7BA30D41-A4BF-4999-938C-14E4FDFA8446} = {4187DC1C-0D9A-4ECD-A7D5-F66DAFBC7657}
		{1BF6901F-15A4-496C-B14D-34CD7B2D7C5C} = {4187DC1C-0D9A-4ECD-A7D5-F66DAFBC7657}
		{3FC2B739-6C48-4FFD-B0CF-4D61C4B0F18F} = {AEC00B81-B39B-4F44-9F0B-0621FE0A2F35}
		{7D268A40-E5D8-44FA-B254-388020B0F290} = {4187DC1C-0D9A-4ECD-A7D5-F66DAFBC7657}
		{A75B8D82-3FCF-4AB4-AF9C-CAA9382E7C30} = {4187DC1C-0D9A-4ECD-A7D5-F66DAFBC7657}
	EndGlobalSection
EndGlobal
